// !$*UTF8*$!
{
	archiveVersion = 1;
	classes = {
	};
	objectVersion = 46;
	objects = {

/* Begin PBXAggregateTarget section */
		B5980E5F1730BCD800D77EE8 /* Build Framework */ = {
			isa = PBXAggregateTarget;
			buildConfigurationList = B5980E601730BCD800D77EE8 /* Build configuration list for PBXAggregateTarget "Build Framework" */;
			buildPhases = (
				B5980E631730BE3300D77EE8 /* Build Simulator Library */,
				B5980E641730BEC900D77EE8 /* Build Device Library */,
				B5980E651730BEDD00D77EE8 /* ShellScript */,
			);
			dependencies = (
			);
			name = "Build Framework";
			productName = "Combined Library";
		};
/* End PBXAggregateTarget section */

/* Begin PBXBuildFile section */
		B5980DCC1730B05B00D77EE8 /* UIKit.framework in Frameworks */ = {isa = PBXBuildFile; fileRef = B5980DCB1730B05B00D77EE8 /* UIKit.framework */; };
		B5980DCE1730B05B00D77EE8 /* Foundation.framework in Frameworks */ = {isa = PBXBuildFile; fileRef = B5980DCD1730B05B00D77EE8 /* Foundation.framework */; };
		B5980DD01730B05B00D77EE8 /* CoreGraphics.framework in Frameworks */ = {isa = PBXBuildFile; fileRef = B5980DCF1730B05B00D77EE8 /* CoreGraphics.framework */; };
		B5980DD61730B05B00D77EE8 /* InfoPlist.strings in Resources */ = {isa = PBXBuildFile; fileRef = B5980DD41730B05B00D77EE8 /* InfoPlist.strings */; };
		B5980DD81730B05B00D77EE8 /* main.m in Sources */ = {isa = PBXBuildFile; fileRef = B5980DD71730B05B00D77EE8 /* main.m */; };
		B5980DDC1730B05B00D77EE8 /* SAStorageAppDelegate.m in Sources */ = {isa = PBXBuildFile; fileRef = B5980DDB1730B05B00D77EE8 /* SAStorageAppDelegate.m */; };
		B5980DDE1730B05B00D77EE8 /* Default.png in Resources */ = {isa = PBXBuildFile; fileRef = B5980DDD1730B05B00D77EE8 /* Default.png */; };
		B5980DE01730B05B00D77EE8 /* Default@2x.png in Resources */ = {isa = PBXBuildFile; fileRef = B5980DDF1730B05B00D77EE8 /* Default@2x.png */; };
		B5980DE21730B05B00D77EE8 /* Default-568h@2x.png in Resources */ = {isa = PBXBuildFile; fileRef = B5980DE11730B05B00D77EE8 /* Default-568h@2x.png */; };
		B5980DEA1730B05B00D77EE8 /* SenTestingKit.framework in Frameworks */ = {isa = PBXBuildFile; fileRef = B5980DE91730B05B00D77EE8 /* SenTestingKit.framework */; };
		B5980DEB1730B05B00D77EE8 /* UIKit.framework in Frameworks */ = {isa = PBXBuildFile; fileRef = B5980DCB1730B05B00D77EE8 /* UIKit.framework */; };
		B5980DEC1730B05B00D77EE8 /* Foundation.framework in Frameworks */ = {isa = PBXBuildFile; fileRef = B5980DCD1730B05B00D77EE8 /* Foundation.framework */; };
		B5980DF41730B05B00D77EE8 /* InfoPlist.strings in Resources */ = {isa = PBXBuildFile; fileRef = B5980DF21730B05B00D77EE8 /* InfoPlist.strings */; };
		B5980DF71730B05B00D77EE8 /* SAStorage_LibraryTests.m in Sources */ = {isa = PBXBuildFile; fileRef = B5980DF61730B05B00D77EE8 /* SAStorage_LibraryTests.m */; };
		B5980E401730B13700D77EE8 /* libsqlite3.dylib in Frameworks */ = {isa = PBXBuildFile; fileRef = B5980E3F1730B13700D77EE8 /* libsqlite3.dylib */; };
		B5980E461730B6A200D77EE8 /* Foundation.framework in Frameworks */ = {isa = PBXBuildFile; fileRef = B5980DCD1730B05B00D77EE8 /* Foundation.framework */; };
		B5980EBB17316CAA00D77EE8 /* libsqlite3.dylib in Frameworks */ = {isa = PBXBuildFile; fileRef = B5980E3F1730B13700D77EE8 /* libsqlite3.dylib */; };
		B5980F401734A77A00D77EE8 /* SAStorage_Database.m in Sources */ = {isa = PBXBuildFile; fileRef = B5980F1C1734A77900D77EE8 /* SAStorage_Database.m */; };
		B5980F411734A77A00D77EE8 /* SAStorage_Database.m in Sources */ = {isa = PBXBuildFile; fileRef = B5980F1C1734A77900D77EE8 /* SAStorage_Database.m */; };
		B5980F421734A77A00D77EE8 /* SAStorage_Database.m in Sources */ = {isa = PBXBuildFile; fileRef = B5980F1C1734A77900D77EE8 /* SAStorage_Database.m */; };
		B5980F431734A77A00D77EE8 /* SAStorage_Proxy.m in Sources */ = {isa = PBXBuildFile; fileRef = B5980F1F1734A77900D77EE8 /* SAStorage_Proxy.m */; };
		B5980F441734A77A00D77EE8 /* SAStorage_Proxy.m in Sources */ = {isa = PBXBuildFile; fileRef = B5980F1F1734A77900D77EE8 /* SAStorage_Proxy.m */; };
		B5980F451734A77A00D77EE8 /* SAStorage_Proxy.m in Sources */ = {isa = PBXBuildFile; fileRef = B5980F1F1734A77900D77EE8 /* SAStorage_Proxy.m */; };
		B5980F461734A77A00D77EE8 /* SAStorage_Query.m in Sources */ = {isa = PBXBuildFile; fileRef = B5980F211734A77900D77EE8 /* SAStorage_Query.m */; };
		B5980F471734A77A00D77EE8 /* SAStorage_Query.m in Sources */ = {isa = PBXBuildFile; fileRef = B5980F211734A77900D77EE8 /* SAStorage_Query.m */; };
		B5980F481734A77A00D77EE8 /* SAStorage_Query.m in Sources */ = {isa = PBXBuildFile; fileRef = B5980F211734A77900D77EE8 /* SAStorage_Query.m */; };
		B5980F491734A77A00D77EE8 /* SAStorage_Record.m in Sources */ = {isa = PBXBuildFile; fileRef = B5980F231734A77900D77EE8 /* SAStorage_Record.m */; };
		B5980F4A1734A77A00D77EE8 /* SAStorage_Record.m in Sources */ = {isa = PBXBuildFile; fileRef = B5980F231734A77900D77EE8 /* SAStorage_Record.m */; };
		B5980F4B1734A77A00D77EE8 /* SAStorage_Record.m in Sources */ = {isa = PBXBuildFile; fileRef = B5980F231734A77900D77EE8 /* SAStorage_Record.m */; };
		B5980F4C1734A77A00D77EE8 /* SAStorage_RecordCache.m in Sources */ = {isa = PBXBuildFile; fileRef = B5980F251734A77900D77EE8 /* SAStorage_RecordCache.m */; };
		B5980F4D1734A77A00D77EE8 /* SAStorage_RecordCache.m in Sources */ = {isa = PBXBuildFile; fileRef = B5980F251734A77900D77EE8 /* SAStorage_RecordCache.m */; };
		B5980F4E1734A77A00D77EE8 /* SAStorage_RecordCache.m in Sources */ = {isa = PBXBuildFile; fileRef = B5980F251734A77900D77EE8 /* SAStorage_RecordCache.m */; };
		B5980F4F1734A77A00D77EE8 /* SAStorage_ResultSet.m in Sources */ = {isa = PBXBuildFile; fileRef = B5980F271734A77900D77EE8 /* SAStorage_ResultSet.m */; };
		B5980F501734A77A00D77EE8 /* SAStorage_ResultSet.m in Sources */ = {isa = PBXBuildFile; fileRef = B5980F271734A77900D77EE8 /* SAStorage_ResultSet.m */; };
		B5980F511734A77A00D77EE8 /* SAStorage_ResultSet.m in Sources */ = {isa = PBXBuildFile; fileRef = B5980F271734A77900D77EE8 /* SAStorage_ResultSet.m */; };
		B5980F521734A77A00D77EE8 /* SAStorage_Tools.m in Sources */ = {isa = PBXBuildFile; fileRef = B5980F291734A77900D77EE8 /* SAStorage_Tools.m */; };
		B5980F531734A77A00D77EE8 /* SAStorage_Tools.m in Sources */ = {isa = PBXBuildFile; fileRef = B5980F291734A77900D77EE8 /* SAStorage_Tools.m */; };
		B5980F541734A77A00D77EE8 /* SAStorage_Tools.m in Sources */ = {isa = PBXBuildFile; fileRef = B5980F291734A77900D77EE8 /* SAStorage_Tools.m */; };
		B5980F551734A77A00D77EE8 /* SAStorage_FSDatabase.m in Sources */ = {isa = PBXBuildFile; fileRef = B5980F2C1734A77900D77EE8 /* SAStorage_FSDatabase.m */; };
		B5980F561734A77A00D77EE8 /* SAStorage_FSDatabase.m in Sources */ = {isa = PBXBuildFile; fileRef = B5980F2C1734A77900D77EE8 /* SAStorage_FSDatabase.m */; };
		B5980F571734A77A00D77EE8 /* SAStorage_FSDatabase.m in Sources */ = {isa = PBXBuildFile; fileRef = B5980F2C1734A77900D77EE8 /* SAStorage_FSDatabase.m */; };
		B5980F581734A77A00D77EE8 /* SAStorage_JSONDatabase.m in Sources */ = {isa = PBXBuildFile; fileRef = B5980F2F1734A77900D77EE8 /* SAStorage_JSONDatabase.m */; };
		B5980F591734A77A00D77EE8 /* SAStorage_JSONDatabase.m in Sources */ = {isa = PBXBuildFile; fileRef = B5980F2F1734A77900D77EE8 /* SAStorage_JSONDatabase.m */; };
		B5980F5A1734A77A00D77EE8 /* SAStorage_JSONDatabase.m in Sources */ = {isa = PBXBuildFile; fileRef = B5980F2F1734A77900D77EE8 /* SAStorage_JSONDatabase.m */; };
		B5980F5B1734A77A00D77EE8 /* SAStorage_Schema.m in Sources */ = {isa = PBXBuildFile; fileRef = B5980F321734A77900D77EE8 /* SAStorage_Schema.m */; };
		B5980F5C1734A77A00D77EE8 /* SAStorage_Schema.m in Sources */ = {isa = PBXBuildFile; fileRef = B5980F321734A77900D77EE8 /* SAStorage_Schema.m */; };
		B5980F5D1734A77A00D77EE8 /* SAStorage_Schema.m in Sources */ = {isa = PBXBuildFile; fileRef = B5980F321734A77900D77EE8 /* SAStorage_Schema.m */; };
		B5980F5E1734A77A00D77EE8 /* SAStorage_SchemaField.m in Sources */ = {isa = PBXBuildFile; fileRef = B5980F341734A77900D77EE8 /* SAStorage_SchemaField.m */; };
		B5980F5F1734A77A00D77EE8 /* SAStorage_SchemaField.m in Sources */ = {isa = PBXBuildFile; fileRef = B5980F341734A77900D77EE8 /* SAStorage_SchemaField.m */; };
		B5980F601734A77A00D77EE8 /* SAStorage_SchemaField.m in Sources */ = {isa = PBXBuildFile; fileRef = B5980F341734A77900D77EE8 /* SAStorage_SchemaField.m */; };
		B5980F611734A77A00D77EE8 /* SAStorage_SchemaTable.m in Sources */ = {isa = PBXBuildFile; fileRef = B5980F361734A77900D77EE8 /* SAStorage_SchemaTable.m */; };
		B5980F621734A77A00D77EE8 /* SAStorage_SchemaTable.m in Sources */ = {isa = PBXBuildFile; fileRef = B5980F361734A77900D77EE8 /* SAStorage_SchemaTable.m */; };
		B5980F631734A77A00D77EE8 /* SAStorage_SchemaTable.m in Sources */ = {isa = PBXBuildFile; fileRef = B5980F361734A77900D77EE8 /* SAStorage_SchemaTable.m */; };
		B5980F641734A77A00D77EE8 /* SAStorage_Internal_SQL_Database.m in Sources */ = {isa = PBXBuildFile; fileRef = B5980F391734A77900D77EE8 /* SAStorage_Internal_SQL_Database.m */; };
		B5980F651734A77A00D77EE8 /* SAStorage_Internal_SQL_Database.m in Sources */ = {isa = PBXBuildFile; fileRef = B5980F391734A77900D77EE8 /* SAStorage_Internal_SQL_Database.m */; };
		B5980F661734A77A00D77EE8 /* SAStorage_Internal_SQL_Database.m in Sources */ = {isa = PBXBuildFile; fileRef = B5980F391734A77900D77EE8 /* SAStorage_Internal_SQL_Database.m */; };
		B5980F671734A77A00D77EE8 /* SAStorage_Internal_SQL_ResultSet.m in Sources */ = {isa = PBXBuildFile; fileRef = B5980F3B1734A77A00D77EE8 /* SAStorage_Internal_SQL_ResultSet.m */; };
		B5980F681734A77A00D77EE8 /* SAStorage_Internal_SQL_ResultSet.m in Sources */ = {isa = PBXBuildFile; fileRef = B5980F3B1734A77A00D77EE8 /* SAStorage_Internal_SQL_ResultSet.m */; };
		B5980F691734A77A00D77EE8 /* SAStorage_Internal_SQL_ResultSet.m in Sources */ = {isa = PBXBuildFile; fileRef = B5980F3B1734A77A00D77EE8 /* SAStorage_Internal_SQL_ResultSet.m */; };
		B5980F6A1734A77A00D77EE8 /* SAStorage_Internal_SQL_Row.m in Sources */ = {isa = PBXBuildFile; fileRef = B5980F3D1734A77A00D77EE8 /* SAStorage_Internal_SQL_Row.m */; };
		B5980F6B1734A77A00D77EE8 /* SAStorage_Internal_SQL_Row.m in Sources */ = {isa = PBXBuildFile; fileRef = B5980F3D1734A77A00D77EE8 /* SAStorage_Internal_SQL_Row.m */; };
		B5980F6C1734A77A00D77EE8 /* SAStorage_Internal_SQL_Row.m in Sources */ = {isa = PBXBuildFile; fileRef = B5980F3D1734A77A00D77EE8 /* SAStorage_Internal_SQL_Row.m */; };
		B5980F6D1734A77A00D77EE8 /* SAStorage_SQLiteDatabase.m in Sources */ = {isa = PBXBuildFile; fileRef = B5980F3F1734A77A00D77EE8 /* SAStorage_SQLiteDatabase.m */; };
		B5980F6E1734A77A00D77EE8 /* SAStorage_SQLiteDatabase.m in Sources */ = {isa = PBXBuildFile; fileRef = B5980F3F1734A77A00D77EE8 /* SAStorage_SQLiteDatabase.m */; };
		B5980F6F1734A77A00D77EE8 /* SAStorage_SQLiteDatabase.m in Sources */ = {isa = PBXBuildFile; fileRef = B5980F3F1734A77A00D77EE8 /* SAStorage_SQLiteDatabase.m */; };
		B5980FAA1734AF6800D77EE8 /* SAStorage_Error.m in Sources */ = {isa = PBXBuildFile; fileRef = B5980FA91734AF6800D77EE8 /* SAStorage_Error.m */; };
		B5980FAB1734AF6800D77EE8 /* SAStorage_Error.m in Sources */ = {isa = PBXBuildFile; fileRef = B5980FA91734AF6800D77EE8 /* SAStorage_Error.m */; };
		B5B8D4081733BF9C0019BCAF /* SAStorage_DatabaseTests.m in Sources */ = {isa = PBXBuildFile; fileRef = B5B8D4071733BF9C0019BCAF /* SAStorage_DatabaseTests.m */; };
		B5B8D40A1733C0DF0019BCAF /* sample_schema.json in Resources */ = {isa = PBXBuildFile; fileRef = B5B8D4091733C0DF0019BCAF /* sample_schema.json */; };
		B5B8D40B1733C9400019BCAF /* sample_schema.json in Resources */ = {isa = PBXBuildFile; fileRef = B5B8D4091733C0DF0019BCAF /* sample_schema.json */; };
		B5EAC9711734BD2500737B27 /* SAStorage_ErrorManager.m in Sources */ = {isa = PBXBuildFile; fileRef = B5EAC9701734BD2500737B27 /* SAStorage_ErrorManager.m */; };
		B5EAC9721734BD2500737B27 /* SAStorage_ErrorManager.m in Sources */ = {isa = PBXBuildFile; fileRef = B5EAC9701734BD2500737B27 /* SAStorage_ErrorManager.m */; };
/* End PBXBuildFile section */

/* Begin PBXContainerItemProxy section */
		B5980DED1730B05B00D77EE8 /* PBXContainerItemProxy */ = {
			isa = PBXContainerItemProxy;
			containerPortal = B5980DC01730B05B00D77EE8 /* Project object */;
			proxyType = 1;
			remoteGlobalIDString = B5980DC71730B05B00D77EE8;
			remoteInfo = "SAStorage Harness";
		};
/* End PBXContainerItemProxy section */

/* Begin PBXCopyFilesBuildPhase section */
		B5980E431730B6A200D77EE8 /* CopyFiles */ = {
			isa = PBXCopyFilesBuildPhase;
			buildActionMask = 2147483647;
			dstPath = headers;
			dstSubfolderSpec = 16;
			files = (
			);
			runOnlyForDeploymentPostprocessing = 0;
		};
/* End PBXCopyFilesBuildPhase section */

/* Begin PBXFileReference section */
		B5980DC81730B05B00D77EE8 /* SAStorage_Library.app */ = {isa = PBXFileReference; explicitFileType = wrapper.application; includeInIndex = 0; name = SAStorage_Library.app; path = SAStorage_Harness.app; sourceTree = BUILT_PRODUCTS_DIR; };
		B5980DCB1730B05B00D77EE8 /* UIKit.framework */ = {isa = PBXFileReference; lastKnownFileType = wrapper.framework; name = UIKit.framework; path = System/Library/Frameworks/UIKit.framework; sourceTree = SDKROOT; };
		B5980DCD1730B05B00D77EE8 /* Foundation.framework */ = {isa = PBXFileReference; lastKnownFileType = wrapper.framework; name = Foundation.framework; path = System/Library/Frameworks/Foundation.framework; sourceTree = SDKROOT; };
		B5980DCF1730B05B00D77EE8 /* CoreGraphics.framework */ = {isa = PBXFileReference; lastKnownFileType = wrapper.framework; name = CoreGraphics.framework; path = System/Library/Frameworks/CoreGraphics.framework; sourceTree = SDKROOT; };
		B5980DD31730B05B00D77EE8 /* SAStorage_Library-Info.plist */ = {isa = PBXFileReference; lastKnownFileType = text.plist.xml; path = "SAStorage_Library-Info.plist"; sourceTree = "<group>"; };
		B5980DD51730B05B00D77EE8 /* en */ = {isa = PBXFileReference; lastKnownFileType = text.plist.strings; name = en; path = en.lproj/InfoPlist.strings; sourceTree = "<group>"; };
		B5980DD71730B05B00D77EE8 /* main.m */ = {isa = PBXFileReference; lastKnownFileType = sourcecode.c.objc; path = main.m; sourceTree = "<group>"; };
		B5980DD91730B05B00D77EE8 /* SAStorage_Library-Prefix.pch */ = {isa = PBXFileReference; lastKnownFileType = sourcecode.c.h; path = "SAStorage_Library-Prefix.pch"; sourceTree = "<group>"; };
		B5980DDA1730B05B00D77EE8 /* SAStorageAppDelegate.h */ = {isa = PBXFileReference; lastKnownFileType = sourcecode.c.h; path = SAStorageAppDelegate.h; sourceTree = "<group>"; };
		B5980DDB1730B05B00D77EE8 /* SAStorageAppDelegate.m */ = {isa = PBXFileReference; lastKnownFileType = sourcecode.c.objc; path = SAStorageAppDelegate.m; sourceTree = "<group>"; };
		B5980DDD1730B05B00D77EE8 /* Default.png */ = {isa = PBXFileReference; lastKnownFileType = image.png; path = Default.png; sourceTree = "<group>"; };
		B5980DDF1730B05B00D77EE8 /* Default@2x.png */ = {isa = PBXFileReference; lastKnownFileType = image.png; path = "Default@2x.png"; sourceTree = "<group>"; };
		B5980DE11730B05B00D77EE8 /* Default-568h@2x.png */ = {isa = PBXFileReference; lastKnownFileType = image.png; path = "Default-568h@2x.png"; sourceTree = "<group>"; };
		B5980DE81730B05B00D77EE8 /* SAStorage_Tests.octest */ = {isa = PBXFileReference; explicitFileType = wrapper.cfbundle; includeInIndex = 0; path = SAStorage_Tests.octest; sourceTree = BUILT_PRODUCTS_DIR; };
		B5980DE91730B05B00D77EE8 /* SenTestingKit.framework */ = {isa = PBXFileReference; lastKnownFileType = wrapper.framework; name = SenTestingKit.framework; path = Library/Frameworks/SenTestingKit.framework; sourceTree = DEVELOPER_DIR; };
		B5980DF11730B05B00D77EE8 /* SAStorage_LibraryTests-Info.plist */ = {isa = PBXFileReference; lastKnownFileType = text.plist.xml; path = "SAStorage_LibraryTests-Info.plist"; sourceTree = "<group>"; };
		B5980DF31730B05B00D77EE8 /* en */ = {isa = PBXFileReference; lastKnownFileType = text.plist.strings; name = en; path = en.lproj/InfoPlist.strings; sourceTree = "<group>"; };
		B5980DF51730B05B00D77EE8 /* SAStorage_LibraryTests.h */ = {isa = PBXFileReference; lastKnownFileType = sourcecode.c.h; path = SAStorage_LibraryTests.h; sourceTree = "<group>"; };
		B5980DF61730B05B00D77EE8 /* SAStorage_LibraryTests.m */ = {isa = PBXFileReference; lastKnownFileType = sourcecode.c.objc; path = SAStorage_LibraryTests.m; sourceTree = "<group>"; };
		B5980E3F1730B13700D77EE8 /* libsqlite3.dylib */ = {isa = PBXFileReference; lastKnownFileType = "compiled.mach-o.dylib"; name = libsqlite3.dylib; path = usr/lib/libsqlite3.dylib; sourceTree = SDKROOT; };
		B5980E451730B6A200D77EE8 /* libSAStorage.a */ = {isa = PBXFileReference; explicitFileType = archive.ar; includeInIndex = 0; name = libSAStorage.a; path = libSAStorage_Library.a; sourceTree = BUILT_PRODUCTS_DIR; };
		B5980E671730BFB100D77EE8 /* BuildLibrary.sh */ = {isa = PBXFileReference; lastKnownFileType = text.script.sh; path = BuildLibrary.sh; sourceTree = "<group>"; };
		B5980F1A1734A77900D77EE8 /* SAStorage.h */ = {isa = PBXFileReference; fileEncoding = 4; lastKnownFileType = sourcecode.c.h; path = SAStorage.h; sourceTree = "<group>"; };
		B5980F1B1734A77900D77EE8 /* SAStorage_Database.h */ = {isa = PBXFileReference; fileEncoding = 4; lastKnownFileType = sourcecode.c.h; path = SAStorage_Database.h; sourceTree = "<group>"; };
		B5980F1C1734A77900D77EE8 /* SAStorage_Database.m */ = {isa = PBXFileReference; fileEncoding = 4; lastKnownFileType = sourcecode.c.objc; path = SAStorage_Database.m; sourceTree = "<group>"; };
		B5980F1E1734A77900D77EE8 /* SAStorage_Proxy.h */ = {isa = PBXFileReference; fileEncoding = 4; lastKnownFileType = sourcecode.c.h; path = SAStorage_Proxy.h; sourceTree = "<group>"; };
		B5980F1F1734A77900D77EE8 /* SAStorage_Proxy.m */ = {isa = PBXFileReference; fileEncoding = 4; lastKnownFileType = sourcecode.c.objc; path = SAStorage_Proxy.m; sourceTree = "<group>"; };
		B5980F201734A77900D77EE8 /* SAStorage_Query.h */ = {isa = PBXFileReference; fileEncoding = 4; lastKnownFileType = sourcecode.c.h; path = SAStorage_Query.h; sourceTree = "<group>"; };
		B5980F211734A77900D77EE8 /* SAStorage_Query.m */ = {isa = PBXFileReference; fileEncoding = 4; lastKnownFileType = sourcecode.c.objc; path = SAStorage_Query.m; sourceTree = "<group>"; };
		B5980F221734A77900D77EE8 /* SAStorage_Record.h */ = {isa = PBXFileReference; fileEncoding = 4; lastKnownFileType = sourcecode.c.h; path = SAStorage_Record.h; sourceTree = "<group>"; };
		B5980F231734A77900D77EE8 /* SAStorage_Record.m */ = {isa = PBXFileReference; fileEncoding = 4; lastKnownFileType = sourcecode.c.objc; path = SAStorage_Record.m; sourceTree = "<group>"; };
		B5980F241734A77900D77EE8 /* SAStorage_RecordCache.h */ = {isa = PBXFileReference; fileEncoding = 4; lastKnownFileType = sourcecode.c.h; path = SAStorage_RecordCache.h; sourceTree = "<group>"; };
		B5980F251734A77900D77EE8 /* SAStorage_RecordCache.m */ = {isa = PBXFileReference; fileEncoding = 4; lastKnownFileType = sourcecode.c.objc; path = SAStorage_RecordCache.m; sourceTree = "<group>"; };
		B5980F261734A77900D77EE8 /* SAStorage_ResultSet.h */ = {isa = PBXFileReference; fileEncoding = 4; lastKnownFileType = sourcecode.c.h; path = SAStorage_ResultSet.h; sourceTree = "<group>"; };
		B5980F271734A77900D77EE8 /* SAStorage_ResultSet.m */ = {isa = PBXFileReference; fileEncoding = 4; lastKnownFileType = sourcecode.c.objc; path = SAStorage_ResultSet.m; sourceTree = "<group>"; };
		B5980F281734A77900D77EE8 /* SAStorage_Tools.h */ = {isa = PBXFileReference; fileEncoding = 4; lastKnownFileType = sourcecode.c.h; path = SAStorage_Tools.h; sourceTree = "<group>"; };
		B5980F291734A77900D77EE8 /* SAStorage_Tools.m */ = {isa = PBXFileReference; fileEncoding = 4; lastKnownFileType = sourcecode.c.objc; path = SAStorage_Tools.m; sourceTree = "<group>"; };
		B5980F2B1734A77900D77EE8 /* SAStorage_FSDatabase.h */ = {isa = PBXFileReference; fileEncoding = 4; lastKnownFileType = sourcecode.c.h; path = SAStorage_FSDatabase.h; sourceTree = "<group>"; };
		B5980F2C1734A77900D77EE8 /* SAStorage_FSDatabase.m */ = {isa = PBXFileReference; fileEncoding = 4; lastKnownFileType = sourcecode.c.objc; path = SAStorage_FSDatabase.m; sourceTree = "<group>"; };
		B5980F2E1734A77900D77EE8 /* SAStorage_JSONDatabase.h */ = {isa = PBXFileReference; fileEncoding = 4; lastKnownFileType = sourcecode.c.h; path = SAStorage_JSONDatabase.h; sourceTree = "<group>"; };
		B5980F2F1734A77900D77EE8 /* SAStorage_JSONDatabase.m */ = {isa = PBXFileReference; fileEncoding = 4; lastKnownFileType = sourcecode.c.objc; path = SAStorage_JSONDatabase.m; sourceTree = "<group>"; };
		B5980F311734A77900D77EE8 /* SAStorage_Schema.h */ = {isa = PBXFileReference; fileEncoding = 4; lastKnownFileType = sourcecode.c.h; path = SAStorage_Schema.h; sourceTree = "<group>"; };
		B5980F321734A77900D77EE8 /* SAStorage_Schema.m */ = {isa = PBXFileReference; fileEncoding = 4; lastKnownFileType = sourcecode.c.objc; path = SAStorage_Schema.m; sourceTree = "<group>"; };
		B5980F331734A77900D77EE8 /* SAStorage_SchemaField.h */ = {isa = PBXFileReference; fileEncoding = 4; lastKnownFileType = sourcecode.c.h; path = SAStorage_SchemaField.h; sourceTree = "<group>"; };
		B5980F341734A77900D77EE8 /* SAStorage_SchemaField.m */ = {isa = PBXFileReference; fileEncoding = 4; lastKnownFileType = sourcecode.c.objc; path = SAStorage_SchemaField.m; sourceTree = "<group>"; };
		B5980F351734A77900D77EE8 /* SAStorage_SchemaTable.h */ = {isa = PBXFileReference; fileEncoding = 4; lastKnownFileType = sourcecode.c.h; path = SAStorage_SchemaTable.h; sourceTree = "<group>"; };
		B5980F361734A77900D77EE8 /* SAStorage_SchemaTable.m */ = {isa = PBXFileReference; fileEncoding = 4; lastKnownFileType = sourcecode.c.objc; path = SAStorage_SchemaTable.m; sourceTree = "<group>"; };
		B5980F381734A77900D77EE8 /* SAStorage_Internal_SQL_Database.h */ = {isa = PBXFileReference; fileEncoding = 4; lastKnownFileType = sourcecode.c.h; path = SAStorage_Internal_SQL_Database.h; sourceTree = "<group>"; };
		B5980F391734A77900D77EE8 /* SAStorage_Internal_SQL_Database.m */ = {isa = PBXFileReference; fileEncoding = 4; lastKnownFileType = sourcecode.c.objc; path = SAStorage_Internal_SQL_Database.m; sourceTree = "<group>"; };
		B5980F3A1734A77A00D77EE8 /* SAStorage_Internal_SQL_ResultSet.h */ = {isa = PBXFileReference; fileEncoding = 4; lastKnownFileType = sourcecode.c.h; path = SAStorage_Internal_SQL_ResultSet.h; sourceTree = "<group>"; };
		B5980F3B1734A77A00D77EE8 /* SAStorage_Internal_SQL_ResultSet.m */ = {isa = PBXFileReference; fileEncoding = 4; lastKnownFileType = sourcecode.c.objc; path = SAStorage_Internal_SQL_ResultSet.m; sourceTree = "<group>"; };
		B5980F3C1734A77A00D77EE8 /* SAStorage_Internal_SQL_Row.h */ = {isa = PBXFileReference; fileEncoding = 4; lastKnownFileType = sourcecode.c.h; path = SAStorage_Internal_SQL_Row.h; sourceTree = "<group>"; };
		B5980F3D1734A77A00D77EE8 /* SAStorage_Internal_SQL_Row.m */ = {isa = PBXFileReference; fileEncoding = 4; lastKnownFileType = sourcecode.c.objc; path = SAStorage_Internal_SQL_Row.m; sourceTree = "<group>"; };
		B5980F3E1734A77A00D77EE8 /* SAStorage_SQLiteDatabase.h */ = {isa = PBXFileReference; fileEncoding = 4; lastKnownFileType = sourcecode.c.h; path = SAStorage_SQLiteDatabase.h; sourceTree = "<group>"; };
		B5980F3F1734A77A00D77EE8 /* SAStorage_SQLiteDatabase.m */ = {isa = PBXFileReference; fileEncoding = 4; lastKnownFileType = sourcecode.c.objc; path = SAStorage_SQLiteDatabase.m; sourceTree = "<group>"; };
		B5980FA81734AF6700D77EE8 /* SAStorage_Error.h */ = {isa = PBXFileReference; fileEncoding = 4; lastKnownFileType = sourcecode.c.h; path = SAStorage_Error.h; sourceTree = "<group>"; };
		B5980FA91734AF6800D77EE8 /* SAStorage_Error.m */ = {isa = PBXFileReference; fileEncoding = 4; lastKnownFileType = sourcecode.c.objc; path = SAStorage_Error.m; sourceTree = "<group>"; };
		B5B8D4061733BF9C0019BCAF /* SAStorage_DatabaseTests.h */ = {isa = PBXFileReference; fileEncoding = 4; lastKnownFileType = sourcecode.c.h; path = SAStorage_DatabaseTests.h; sourceTree = "<group>"; };
		B5B8D4071733BF9C0019BCAF /* SAStorage_DatabaseTests.m */ = {isa = PBXFileReference; fileEncoding = 4; lastKnownFileType = sourcecode.c.objc; path = SAStorage_DatabaseTests.m; sourceTree = "<group>"; };
		B5B8D4091733C0DF0019BCAF /* sample_schema.json */ = {isa = PBXFileReference; fileEncoding = 4; lastKnownFileType = text.json; path = sample_schema.json; sourceTree = "<group>"; };
		B5EAC96E1734B86A00737B27 /* SAStorage_Library-Prefix.pch */ = {isa = PBXFileReference; fileEncoding = 4; lastKnownFileType = sourcecode.c.h; path = "SAStorage_Library-Prefix.pch"; sourceTree = "<group>"; };
		B5EAC96F1734BD2500737B27 /* SAStorage_ErrorManager.h */ = {isa = PBXFileReference; fileEncoding = 4; lastKnownFileType = sourcecode.c.h; path = SAStorage_ErrorManager.h; sourceTree = "<group>"; };
		B5EAC9701734BD2500737B27 /* SAStorage_ErrorManager.m */ = {isa = PBXFileReference; fileEncoding = 4; lastKnownFileType = sourcecode.c.objc; path = SAStorage_ErrorManager.m; sourceTree = "<group>"; };
/* End PBXFileReference section */

/* Begin PBXFrameworksBuildPhase section */
		B5980DC51730B05B00D77EE8 /* Frameworks */ = {
			isa = PBXFrameworksBuildPhase;
			buildActionMask = 2147483647;
			files = (
				B5980E401730B13700D77EE8 /* libsqlite3.dylib in Frameworks */,
				B5980DCC1730B05B00D77EE8 /* UIKit.framework in Frameworks */,
				B5980DCE1730B05B00D77EE8 /* Foundation.framework in Frameworks */,
				B5980DD01730B05B00D77EE8 /* CoreGraphics.framework in Frameworks */,
			);
			runOnlyForDeploymentPostprocessing = 0;
		};
		B5980DE41730B05B00D77EE8 /* Frameworks */ = {
			isa = PBXFrameworksBuildPhase;
			buildActionMask = 2147483647;
			files = (
				B5980EBB17316CAA00D77EE8 /* libsqlite3.dylib in Frameworks */,
				B5980DEA1730B05B00D77EE8 /* SenTestingKit.framework in Frameworks */,
				B5980DEB1730B05B00D77EE8 /* UIKit.framework in Frameworks */,
				B5980DEC1730B05B00D77EE8 /* Foundation.framework in Frameworks */,
			);
			runOnlyForDeploymentPostprocessing = 0;
		};
		B5980E421730B6A200D77EE8 /* Frameworks */ = {
			isa = PBXFrameworksBuildPhase;
			buildActionMask = 2147483647;
			files = (
				B5980E461730B6A200D77EE8 /* Foundation.framework in Frameworks */,
			);
			runOnlyForDeploymentPostprocessing = 0;
		};
/* End PBXFrameworksBuildPhase section */

/* Begin PBXGroup section */
		B5980DBF1730B05B00D77EE8 = {
			isa = PBXGroup;
			children = (
				B5980E661730BFB100D77EE8 /* Scripts */,
				B5980DD11730B05B00D77EE8 /* SAStorage_Library */,
				B5980DEF1730B05B00D77EE8 /* Tests */,
				B5980DCA1730B05B00D77EE8 /* Frameworks */,
				B5980DC91730B05B00D77EE8 /* Products */,
				B5980F181734A77900D77EE8 /* SAStorage */,
			);
			sourceTree = "<group>";
		};
		B5980DC91730B05B00D77EE8 /* Products */ = {
			isa = PBXGroup;
			children = (
				B5980DC81730B05B00D77EE8 /* SAStorage_Library.app */,
				B5980DE81730B05B00D77EE8 /* SAStorage_Tests.octest */,
				B5980E451730B6A200D77EE8 /* libSAStorage.a */,
			);
			name = Products;
			sourceTree = "<group>";
		};
		B5980DCA1730B05B00D77EE8 /* Frameworks */ = {
			isa = PBXGroup;
			children = (
				B5980E3F1730B13700D77EE8 /* libsqlite3.dylib */,
				B5980DCB1730B05B00D77EE8 /* UIKit.framework */,
				B5980DCD1730B05B00D77EE8 /* Foundation.framework */,
				B5980DCF1730B05B00D77EE8 /* CoreGraphics.framework */,
				B5980DE91730B05B00D77EE8 /* SenTestingKit.framework */,
			);
			name = Frameworks;
			sourceTree = "<group>";
		};
		B5980DD11730B05B00D77EE8 /* SAStorage_Library */ = {
			isa = PBXGroup;
			children = (
				B5EAC96E1734B86A00737B27 /* SAStorage_Library-Prefix.pch */,
				B5980DDA1730B05B00D77EE8 /* SAStorageAppDelegate.h */,
				B5980DDB1730B05B00D77EE8 /* SAStorageAppDelegate.m */,
				B5980DD21730B05B00D77EE8 /* Supporting Files */,
			);
			path = SAStorage_Library;
			sourceTree = "<group>";
		};
		B5980DD21730B05B00D77EE8 /* Supporting Files */ = {
			isa = PBXGroup;
			children = (
				B5980DD31730B05B00D77EE8 /* SAStorage_Library-Info.plist */,
				B5980DD41730B05B00D77EE8 /* InfoPlist.strings */,
				B5980DD71730B05B00D77EE8 /* main.m */,
				B5980DD91730B05B00D77EE8 /* SAStorage_Library-Prefix.pch */,
				B5980DDD1730B05B00D77EE8 /* Default.png */,
				B5980DDF1730B05B00D77EE8 /* Default@2x.png */,
				B5980DE11730B05B00D77EE8 /* Default-568h@2x.png */,
			);
			name = "Supporting Files";
			sourceTree = "<group>";
		};
		B5980DEF1730B05B00D77EE8 /* Tests */ = {
			isa = PBXGroup;
			children = (
				B5980DF51730B05B00D77EE8 /* SAStorage_LibraryTests.h */,
				B5980DF61730B05B00D77EE8 /* SAStorage_LibraryTests.m */,
				B5B8D4061733BF9C0019BCAF /* SAStorage_DatabaseTests.h */,
				B5B8D4071733BF9C0019BCAF /* SAStorage_DatabaseTests.m */,
				B5980DF01730B05B00D77EE8 /* Supporting Files */,
			);
			name = Tests;
			path = SAStorage_LibraryTests;
			sourceTree = "<group>";
		};
		B5980DF01730B05B00D77EE8 /* Supporting Files */ = {
			isa = PBXGroup;
			children = (
				B5B8D4091733C0DF0019BCAF /* sample_schema.json */,
				B5980DF11730B05B00D77EE8 /* SAStorage_LibraryTests-Info.plist */,
				B5980DF21730B05B00D77EE8 /* InfoPlist.strings */,
			);
			name = "Supporting Files";
			sourceTree = "<group>";
		};
		B5980E661730BFB100D77EE8 /* Scripts */ = {
			isa = PBXGroup;
			children = (
				B5980E671730BFB100D77EE8 /* BuildLibrary.sh */,
			);
			name = Scripts;
			path = SAStorage_Library/Scripts;
			sourceTree = "<group>";
		};
		B5980F181734A77900D77EE8 /* SAStorage */ = {
			isa = PBXGroup;
			children = (
				B5980F191734A77900D77EE8 /* Classes */,
				B5980F2A1734A77900D77EE8 /* File System */,
				B5980F2D1734A77900D77EE8 /* JSON */,
				B5980F371734A77900D77EE8 /* SQLite */,
			);
			name = SAStorage;
			path = ../SAStorage;
			sourceTree = "<group>";
		};
		B5980F191734A77900D77EE8 /* Classes */ = {
			isa = PBXGroup;
			children = (
				B5980F1A1734A77900D77EE8 /* SAStorage.h */,
				B5980F1B1734A77900D77EE8 /* SAStorage_Database.h */,
				B5980F1C1734A77900D77EE8 /* SAStorage_Database.m */,
				B5980F1E1734A77900D77EE8 /* SAStorage_Proxy.h */,
				B5980F1F1734A77900D77EE8 /* SAStorage_Proxy.m */,
				B5980F201734A77900D77EE8 /* SAStorage_Query.h */,
				B5980F211734A77900D77EE8 /* SAStorage_Query.m */,
				B5980F221734A77900D77EE8 /* SAStorage_Record.h */,
				B5980F231734A77900D77EE8 /* SAStorage_Record.m */,
				B5980FA81734AF6700D77EE8 /* SAStorage_Error.h */,
				B5980FA91734AF6800D77EE8 /* SAStorage_Error.m */,
				B5980F241734A77900D77EE8 /* SAStorage_RecordCache.h */,
				B5980F251734A77900D77EE8 /* SAStorage_RecordCache.m */,
				B5980F261734A77900D77EE8 /* SAStorage_ResultSet.h */,
				B5980F271734A77900D77EE8 /* SAStorage_ResultSet.m */,
				B5980F281734A77900D77EE8 /* SAStorage_Tools.h */,
				B5980F291734A77900D77EE8 /* SAStorage_Tools.m */,
				B5EAC96F1734BD2500737B27 /* SAStorage_ErrorManager.h */,
				B5EAC9701734BD2500737B27 /* SAStorage_ErrorManager.m */,
			);
			path = Classes;
			sourceTree = "<group>";
		};
		B5980F2A1734A77900D77EE8 /* File System */ = {
			isa = PBXGroup;
			children = (
				B5980F2B1734A77900D77EE8 /* SAStorage_FSDatabase.h */,
				B5980F2C1734A77900D77EE8 /* SAStorage_FSDatabase.m */,
			);
			path = "File System";
			sourceTree = "<group>";
		};
		B5980F2D1734A77900D77EE8 /* JSON */ = {
			isa = PBXGroup;
			children = (
				B5980F2E1734A77900D77EE8 /* SAStorage_JSONDatabase.h */,
				B5980F2F1734A77900D77EE8 /* SAStorage_JSONDatabase.m */,
				B5980F301734A77900D77EE8 /* Schema */,
			);
			path = JSON;
			sourceTree = "<group>";
		};
		B5980F301734A77900D77EE8 /* Schema */ = {
			isa = PBXGroup;
			children = (
				B5980F311734A77900D77EE8 /* SAStorage_Schema.h */,
				B5980F321734A77900D77EE8 /* SAStorage_Schema.m */,
				B5980F331734A77900D77EE8 /* SAStorage_SchemaField.h */,
				B5980F341734A77900D77EE8 /* SAStorage_SchemaField.m */,
				B5980F351734A77900D77EE8 /* SAStorage_SchemaTable.h */,
				B5980F361734A77900D77EE8 /* SAStorage_SchemaTable.m */,
			);
			name = Schema;
			path = ../Schema;
			sourceTree = "<group>";
		};
		B5980F371734A77900D77EE8 /* SQLite */ = {
			isa = PBXGroup;
			children = (
				B5980F381734A77900D77EE8 /* SAStorage_Internal_SQL_Database.h */,
				B5980F391734A77900D77EE8 /* SAStorage_Internal_SQL_Database.m */,
				B5980F3A1734A77A00D77EE8 /* SAStorage_Internal_SQL_ResultSet.h */,
				B5980F3B1734A77A00D77EE8 /* SAStorage_Internal_SQL_ResultSet.m */,
				B5980F3C1734A77A00D77EE8 /* SAStorage_Internal_SQL_Row.h */,
				B5980F3D1734A77A00D77EE8 /* SAStorage_Internal_SQL_Row.m */,
				B5980F3E1734A77A00D77EE8 /* SAStorage_SQLiteDatabase.h */,
				B5980F3F1734A77A00D77EE8 /* SAStorage_SQLiteDatabase.m */,
			);
			path = SQLite;
			sourceTree = "<group>";
		};
/* End PBXGroup section */

/* Begin PBXNativeTarget section */
		B5980DC71730B05B00D77EE8 /* SAStorage_Harness */ = {
			isa = PBXNativeTarget;
			buildConfigurationList = B5980DFA1730B05B00D77EE8 /* Build configuration list for PBXNativeTarget "SAStorage_Harness" */;
			buildPhases = (
				B5980DC41730B05B00D77EE8 /* Sources */,
				B5980DC51730B05B00D77EE8 /* Frameworks */,
				B5980DC61730B05B00D77EE8 /* Resources */,
			);
			buildRules = (
			);
			dependencies = (
			);
			name = SAStorage_Harness;
			productName = SAStorage_Library;
			productReference = B5980DC81730B05B00D77EE8 /* SAStorage_Library.app */;
			productType = "com.apple.product-type.application";
		};
		B5980DE71730B05B00D77EE8 /* SAStorage_Tests */ = {
			isa = PBXNativeTarget;
			buildConfigurationList = B5980DFD1730B05B00D77EE8 /* Build configuration list for PBXNativeTarget "SAStorage_Tests" */;
			buildPhases = (
				B5980DE31730B05B00D77EE8 /* Sources */,
				B5980DE41730B05B00D77EE8 /* Frameworks */,
				B5980DE51730B05B00D77EE8 /* Resources */,
				B5980DE61730B05B00D77EE8 /* ShellScript */,
			);
			buildRules = (
			);
			dependencies = (
				B5980DEE1730B05B00D77EE8 /* PBXTargetDependency */,
			);
			name = SAStorage_Tests;
			productName = SAStorage_LibraryTests;
			productReference = B5980DE81730B05B00D77EE8 /* SAStorage_Tests.octest */;
			productType = "com.apple.product-type.bundle";
		};
		B5980E441730B6A200D77EE8 /* SAStorage_Library */ = {
			isa = PBXNativeTarget;
			buildConfigurationList = B5980E4E1730B6A200D77EE8 /* Build configuration list for PBXNativeTarget "SAStorage_Library" */;
			buildPhases = (
				B5980E411730B6A200D77EE8 /* Sources */,
				B5980E421730B6A200D77EE8 /* Frameworks */,
				B5980E431730B6A200D77EE8 /* CopyFiles */,
			);
			buildRules = (
			);
			dependencies = (
			);
			name = SAStorage_Library;
			productName = SAStorage;
			productReference = B5980E451730B6A200D77EE8 /* libSAStorage.a */;
			productType = "com.apple.product-type.library.static";
		};
/* End PBXNativeTarget section */

/* Begin PBXProject section */
		B5980DC01730B05B00D77EE8 /* Project object */ = {
			isa = PBXProject;
			attributes = {
				CLASSPREFIX = SAStorage;
				LastUpgradeCheck = 0460;
				ORGANIZATIONNAME = "Stand Alone, Inc.";
			};
			buildConfigurationList = B5980DC31730B05B00D77EE8 /* Build configuration list for PBXProject "SAStorage_Library" */;
			compatibilityVersion = "Xcode 3.2";
			developmentRegion = English;
			hasScannedForEncodings = 0;
			knownRegions = (
				en,
			);
			mainGroup = B5980DBF1730B05B00D77EE8;
			productRefGroup = B5980DC91730B05B00D77EE8 /* Products */;
			projectDirPath = "";
			projectRoot = "";
			targets = (
				B5980DC71730B05B00D77EE8 /* SAStorage_Harness */,
				B5980DE71730B05B00D77EE8 /* SAStorage_Tests */,
				B5980E441730B6A200D77EE8 /* SAStorage_Library */,
				B5980E5F1730BCD800D77EE8 /* Build Framework */,
			);
		};
/* End PBXProject section */

/* Begin PBXResourcesBuildPhase section */
		B5980DC61730B05B00D77EE8 /* Resources */ = {
			isa = PBXResourcesBuildPhase;
			buildActionMask = 2147483647;
			files = (
				B5980DD61730B05B00D77EE8 /* InfoPlist.strings in Resources */,
				B5980DDE1730B05B00D77EE8 /* Default.png in Resources */,
				B5980DE01730B05B00D77EE8 /* Default@2x.png in Resources */,
				B5980DE21730B05B00D77EE8 /* Default-568h@2x.png in Resources */,
				B5B8D40B1733C9400019BCAF /* sample_schema.json in Resources */,
			);
			runOnlyForDeploymentPostprocessing = 0;
		};
		B5980DE51730B05B00D77EE8 /* Resources */ = {
			isa = PBXResourcesBuildPhase;
			buildActionMask = 2147483647;
			files = (
				B5980DF41730B05B00D77EE8 /* InfoPlist.strings in Resources */,
				B5B8D40A1733C0DF0019BCAF /* sample_schema.json in Resources */,
			);
			runOnlyForDeploymentPostprocessing = 0;
		};
/* End PBXResourcesBuildPhase section */

/* Begin PBXShellScriptBuildPhase section */
		B5980DE61730B05B00D77EE8 /* ShellScript */ = {
			isa = PBXShellScriptBuildPhase;
			buildActionMask = 2147483647;
			files = (
			);
			inputPaths = (
			);
			outputPaths = (
			);
			runOnlyForDeploymentPostprocessing = 0;
			shellPath = /bin/sh;
			shellScript = "# Run the unit tests in this test bundle.\n\"${SYSTEM_DEVELOPER_DIR}/Tools/RunUnitTests\"\n";
		};
		B5980E631730BE3300D77EE8 /* Build Simulator Library */ = {
			isa = PBXShellScriptBuildPhase;
			buildActionMask = 2147483647;
			files = (
			);
			inputPaths = (
			);
			name = "Build Simulator Library";
			outputPaths = (
			);
			runOnlyForDeploymentPostprocessing = 0;
			shellPath = /bin/sh;
			shellScript = "xcodebuild -target \"SAStorage_Library\" -configuration Debug -sdk iphonesimulator\n";
		};
		B5980E641730BEC900D77EE8 /* Build Device Library */ = {
			isa = PBXShellScriptBuildPhase;
			buildActionMask = 2147483647;
			files = (
			);
			inputPaths = (
			);
			name = "Build Device Library";
			outputPaths = (
			);
			runOnlyForDeploymentPostprocessing = 0;
			shellPath = /bin/sh;
			shellScript = "xcodebuild -target \"SAStorage_Library\" -configuration Release -sdk iphoneos";
		};
		B5980E651730BEDD00D77EE8 /* ShellScript */ = {
			isa = PBXShellScriptBuildPhase;
			buildActionMask = 2147483647;
			files = (
			);
			inputPaths = (
			);
			outputPaths = (
			);
			runOnlyForDeploymentPostprocessing = 0;
			shellPath = /bin/sh;
			shellScript = "${PROJECT_DIR}/SAStorage_Library/Scripts/BuildLibrary.sh";
		};
/* End PBXShellScriptBuildPhase section */

/* Begin PBXSourcesBuildPhase section */
		B5980DC41730B05B00D77EE8 /* Sources */ = {
			isa = PBXSourcesBuildPhase;
			buildActionMask = 2147483647;
			files = (
				B5980DD81730B05B00D77EE8 /* main.m in Sources */,
				B5980DDC1730B05B00D77EE8 /* SAStorageAppDelegate.m in Sources */,
				B5980F401734A77A00D77EE8 /* SAStorage_Database.m in Sources */,
				B5980F431734A77A00D77EE8 /* SAStorage_Proxy.m in Sources */,
				B5980F461734A77A00D77EE8 /* SAStorage_Query.m in Sources */,
				B5980F491734A77A00D77EE8 /* SAStorage_Record.m in Sources */,
				B5980F4C1734A77A00D77EE8 /* SAStorage_RecordCache.m in Sources */,
				B5980F4F1734A77A00D77EE8 /* SAStorage_ResultSet.m in Sources */,
				B5980F521734A77A00D77EE8 /* SAStorage_Tools.m in Sources */,
				B5980F551734A77A00D77EE8 /* SAStorage_FSDatabase.m in Sources */,
				B5980F581734A77A00D77EE8 /* SAStorage_JSONDatabase.m in Sources */,
				B5980F5B1734A77A00D77EE8 /* SAStorage_Schema.m in Sources */,
				B5980F5E1734A77A00D77EE8 /* SAStorage_SchemaField.m in Sources */,
				B5980F611734A77A00D77EE8 /* SAStorage_SchemaTable.m in Sources */,
				B5980F641734A77A00D77EE8 /* SAStorage_Internal_SQL_Database.m in Sources */,
				B5980F671734A77A00D77EE8 /* SAStorage_Internal_SQL_ResultSet.m in Sources */,
				B5980F6A1734A77A00D77EE8 /* SAStorage_Internal_SQL_Row.m in Sources */,
				B5980F6D1734A77A00D77EE8 /* SAStorage_SQLiteDatabase.m in Sources */,
				B5980FAA1734AF6800D77EE8 /* SAStorage_Error.m in Sources */,
				B5EAC9711734BD2500737B27 /* SAStorage_ErrorManager.m in Sources */,
			);
			runOnlyForDeploymentPostprocessing = 0;
		};
		B5980DE31730B05B00D77EE8 /* Sources */ = {
			isa = PBXSourcesBuildPhase;
			buildActionMask = 2147483647;
			files = (
				B5980DF71730B05B00D77EE8 /* SAStorage_LibraryTests.m in Sources */,
				B5B8D4081733BF9C0019BCAF /* SAStorage_DatabaseTests.m in Sources */,
				B5980F411734A77A00D77EE8 /* SAStorage_Database.m in Sources */,
				B5980F441734A77A00D77EE8 /* SAStorage_Proxy.m in Sources */,
				B5980F471734A77A00D77EE8 /* SAStorage_Query.m in Sources */,
				B5980F4A1734A77A00D77EE8 /* SAStorage_Record.m in Sources */,
				B5980F4D1734A77A00D77EE8 /* SAStorage_RecordCache.m in Sources */,
				B5980F501734A77A00D77EE8 /* SAStorage_ResultSet.m in Sources */,
				B5980F531734A77A00D77EE8 /* SAStorage_Tools.m in Sources */,
				B5980F561734A77A00D77EE8 /* SAStorage_FSDatabase.m in Sources */,
				B5980F591734A77A00D77EE8 /* SAStorage_JSONDatabase.m in Sources */,
				B5980F5C1734A77A00D77EE8 /* SAStorage_Schema.m in Sources */,
				B5980F5F1734A77A00D77EE8 /* SAStorage_SchemaField.m in Sources */,
				B5980F621734A77A00D77EE8 /* SAStorage_SchemaTable.m in Sources */,
				B5980F651734A77A00D77EE8 /* SAStorage_Internal_SQL_Database.m in Sources */,
				B5980F681734A77A00D77EE8 /* SAStorage_Internal_SQL_ResultSet.m in Sources */,
				B5980F6B1734A77A00D77EE8 /* SAStorage_Internal_SQL_Row.m in Sources */,
				B5980F6E1734A77A00D77EE8 /* SAStorage_SQLiteDatabase.m in Sources */,
				B5EAC9721734BD2500737B27 /* SAStorage_ErrorManager.m in Sources */,
			);
			runOnlyForDeploymentPostprocessing = 0;
		};
		B5980E411730B6A200D77EE8 /* Sources */ = {
			isa = PBXSourcesBuildPhase;
			buildActionMask = 2147483647;
			files = (
				B5980F421734A77A00D77EE8 /* SAStorage_Database.m in Sources */,
				B5980F451734A77A00D77EE8 /* SAStorage_Proxy.m in Sources */,
				B5980F481734A77A00D77EE8 /* SAStorage_Query.m in Sources */,
				B5980F4B1734A77A00D77EE8 /* SAStorage_Record.m in Sources */,
				B5980F4E1734A77A00D77EE8 /* SAStorage_RecordCache.m in Sources */,
				B5980F511734A77A00D77EE8 /* SAStorage_ResultSet.m in Sources */,
				B5980F541734A77A00D77EE8 /* SAStorage_Tools.m in Sources */,
				B5980F571734A77A00D77EE8 /* SAStorage_FSDatabase.m in Sources */,
				B5980F5A1734A77A00D77EE8 /* SAStorage_JSONDatabase.m in Sources */,
				B5980F5D1734A77A00D77EE8 /* SAStorage_Schema.m in Sources */,
				B5980F601734A77A00D77EE8 /* SAStorage_SchemaField.m in Sources */,
				B5980F631734A77A00D77EE8 /* SAStorage_SchemaTable.m in Sources */,
				B5980F661734A77A00D77EE8 /* SAStorage_Internal_SQL_Database.m in Sources */,
				B5980F691734A77A00D77EE8 /* SAStorage_Internal_SQL_ResultSet.m in Sources */,
				B5980F6C1734A77A00D77EE8 /* SAStorage_Internal_SQL_Row.m in Sources */,
				B5980F6F1734A77A00D77EE8 /* SAStorage_SQLiteDatabase.m in Sources */,
				B5980FAB1734AF6800D77EE8 /* SAStorage_Error.m in Sources */,
			);
			runOnlyForDeploymentPostprocessing = 0;
		};
/* End PBXSourcesBuildPhase section */

/* Begin PBXTargetDependency section */
		B5980DEE1730B05B00D77EE8 /* PBXTargetDependency */ = {
			isa = PBXTargetDependency;
			target = B5980DC71730B05B00D77EE8 /* SAStorage_Harness */;
			targetProxy = B5980DED1730B05B00D77EE8 /* PBXContainerItemProxy */;
		};
/* End PBXTargetDependency section */

/* Begin PBXVariantGroup section */
		B5980DD41730B05B00D77EE8 /* InfoPlist.strings */ = {
			isa = PBXVariantGroup;
			children = (
				B5980DD51730B05B00D77EE8 /* en */,
			);
			name = InfoPlist.strings;
			sourceTree = "<group>";
		};
		B5980DF21730B05B00D77EE8 /* InfoPlist.strings */ = {
			isa = PBXVariantGroup;
			children = (
				B5980DF31730B05B00D77EE8 /* en */,
			);
			name = InfoPlist.strings;
			sourceTree = "<group>";
		};
/* End PBXVariantGroup section */

/* Begin XCBuildConfiguration section */
		B5980DF81730B05B00D77EE8 /* Debug */ = {
			isa = XCBuildConfiguration;
			buildSettings = {
				ALWAYS_SEARCH_USER_PATHS = NO;
				CLANG_CXX_LANGUAGE_STANDARD = "gnu++0x";
				CLANG_CXX_LIBRARY = "libc++";
				CLANG_ENABLE_OBJC_ARC = YES;
				CLANG_WARN_CONSTANT_CONVERSION = YES;
				CLANG_WARN_EMPTY_BODY = YES;
				CLANG_WARN_ENUM_CONVERSION = YES;
				CLANG_WARN_INT_CONVERSION = YES;
				CLANG_WARN__DUPLICATE_METHOD_MATCH = YES;
				"CODE_SIGN_IDENTITY[sdk=iphoneos*]" = "iPhone Developer";
				COPY_PHASE_STRIP = NO;
				GCC_C_LANGUAGE_STANDARD = gnu99;
				GCC_DYNAMIC_NO_PIC = NO;
				GCC_OPTIMIZATION_LEVEL = 0;
				GCC_PREPROCESSOR_DEFINITIONS = (
					"DEBUG=1",
					"$(inherited)",
				);
				GCC_SYMBOLS_PRIVATE_EXTERN = NO;
				GCC_WARN_ABOUT_RETURN_TYPE = YES;
				GCC_WARN_UNINITIALIZED_AUTOS = YES;
				GCC_WARN_UNUSED_VARIABLE = YES;
				IPHONEOS_DEPLOYMENT_TARGET = 6.0;
				ONLY_ACTIVE_ARCH = YES;
				SDKROOT = iphoneos;
				TARGETED_DEVICE_FAMILY = "1,2";
			};
			name = Debug;
		};
		B5980DF91730B05B00D77EE8 /* Release */ = {
			isa = XCBuildConfiguration;
			buildSettings = {
				ALWAYS_SEARCH_USER_PATHS = NO;
				CLANG_CXX_LANGUAGE_STANDARD = "gnu++0x";
				CLANG_CXX_LIBRARY = "libc++";
				CLANG_ENABLE_OBJC_ARC = YES;
				CLANG_WARN_CONSTANT_CONVERSION = YES;
				CLANG_WARN_EMPTY_BODY = YES;
				CLANG_WARN_ENUM_CONVERSION = YES;
				CLANG_WARN_INT_CONVERSION = YES;
				CLANG_WARN__DUPLICATE_METHOD_MATCH = YES;
				"CODE_SIGN_IDENTITY[sdk=iphoneos*]" = "iPhone Developer";
				COPY_PHASE_STRIP = YES;
				GCC_C_LANGUAGE_STANDARD = gnu99;
				GCC_WARN_ABOUT_RETURN_TYPE = YES;
				GCC_WARN_UNINITIALIZED_AUTOS = YES;
				GCC_WARN_UNUSED_VARIABLE = YES;
				IPHONEOS_DEPLOYMENT_TARGET = 6.0;
				OTHER_CFLAGS = "-DNS_BLOCK_ASSERTIONS=1";
				SDKROOT = iphoneos;
				TARGETED_DEVICE_FAMILY = "1,2";
				VALIDATE_PRODUCT = YES;
			};
			name = Release;
		};
		B5980DFB1730B05B00D77EE8 /* Debug */ = {
			isa = XCBuildConfiguration;
			buildSettings = {
				GCC_PRECOMPILE_PREFIX_HEADER = YES;
				GCC_PREFIX_HEADER = "SAStorage_Library/SAStorage_Library-Prefix.pch";
				INFOPLIST_FILE = "SAStorage_Library/SAStorage_Library-Info.plist";
				PRODUCT_NAME = "$(TARGET_NAME)";
				WRAPPER_EXTENSION = app;
			};
			name = Debug;
		};
		B5980DFC1730B05B00D77EE8 /* Release */ = {
			isa = XCBuildConfiguration;
			buildSettings = {
				GCC_PRECOMPILE_PREFIX_HEADER = YES;
				GCC_PREFIX_HEADER = "SAStorage_Library/SAStorage_Library-Prefix.pch";
				INFOPLIST_FILE = "SAStorage_Library/SAStorage_Library-Info.plist";
				PRODUCT_NAME = "$(TARGET_NAME)";
				WRAPPER_EXTENSION = app;
			};
			name = Release;
		};
		B5980DFE1730B05B00D77EE8 /* Debug */ = {
			isa = XCBuildConfiguration;
			buildSettings = {
				BUNDLE_LOADER = "$(BUILT_PRODUCTS_DIR)/SAStorage_Harness.app/SAStorage_Harness";
				FRAMEWORK_SEARCH_PATHS = (
					"\"$(SDKROOT)/Developer/Library/Frameworks\"",
					"\"$(DEVELOPER_LIBRARY_DIR)/Frameworks\"",
				);
				GCC_PRECOMPILE_PREFIX_HEADER = YES;
				GCC_PREFIX_HEADER = "SAStorage_Library/SAStorage_Library-Prefix.pch";
				INFOPLIST_FILE = "SAStorage_LibraryTests/SAStorage_LibraryTests-Info.plist";
				PRODUCT_NAME = "$(TARGET_NAME)";
				TEST_HOST = "$(BUNDLE_LOADER)";
				WRAPPER_EXTENSION = octest;
			};
			name = Debug;
		};
		B5980DFF1730B05B00D77EE8 /* Release */ = {
			isa = XCBuildConfiguration;
			buildSettings = {
				BUNDLE_LOADER = "$(BUILT_PRODUCTS_DIR)/SAStorage_Harness.app/SAStorage_Harness";
				FRAMEWORK_SEARCH_PATHS = (
					"\"$(SDKROOT)/Developer/Library/Frameworks\"",
					"\"$(DEVELOPER_LIBRARY_DIR)/Frameworks\"",
				);
				GCC_PRECOMPILE_PREFIX_HEADER = YES;
				GCC_PREFIX_HEADER = "SAStorage_Library/SAStorage_Library-Prefix.pch";
				INFOPLIST_FILE = "SAStorage_LibraryTests/SAStorage_LibraryTests-Info.plist";
				PRODUCT_NAME = "$(TARGET_NAME)";
				TEST_HOST = "$(BUNDLE_LOADER)";
				WRAPPER_EXTENSION = octest;
			};
			name = Release;
		};
		B5980E4F1730B6A200D77EE8 /* Debug */ = {
			isa = XCBuildConfiguration;
			buildSettings = {
				DSTROOT = /tmp/SAStorage.dst;
				GCC_PRECOMPILE_PREFIX_HEADER = YES;
				GCC_PREFIX_HEADER = "SAStorage/SAStorage-Prefix.pch";
				OTHER_LDFLAGS = "-ObjC";
				PRODUCT_NAME = "$(TARGET_NAME)";
				SKIP_INSTALL = YES;
			};
			name = Debug;
		};
		B5980E501730B6A200D77EE8 /* Release */ = {
			isa = XCBuildConfiguration;
			buildSettings = {
				DSTROOT = /tmp/SAStorage.dst;
				GCC_PRECOMPILE_PREFIX_HEADER = YES;
				GCC_PREFIX_HEADER = "SAStorage/SAStorage-Prefix.pch";
				OTHER_LDFLAGS = "-ObjC";
				PRODUCT_NAME = "$(TARGET_NAME)";
				SKIP_INSTALL = YES;
			};
			name = Release;
		};
		B5980E611730BCD800D77EE8 /* Debug */ = {
			isa = XCBuildConfiguration;
			buildSettings = {
				PRODUCT_NAME = "$(TARGET_NAME)";
			};
			name = Debug;
		};
		B5980E621730BCD800D77EE8 /* Release */ = {
			isa = XCBuildConfiguration;
			buildSettings = {
				PRODUCT_NAME = "$(TARGET_NAME)";
			};
			name = Release;
		};
/* End XCBuildConfiguration section */

/* Begin XCConfigurationList section */
		B5980DC31730B05B00D77EE8 /* Build configuration list for PBXProject "SAStorage_Library" */ = {
			isa = XCConfigurationList;
			buildConfigurations = (
				B5980DF81730B05B00D77EE8 /* Debug */,
				B5980DF91730B05B00D77EE8 /* Release */,
			);
			defaultConfigurationIsVisible = 0;
			defaultConfigurationName = Release;
		};
		B5980DFA1730B05B00D77EE8 /* Build configuration list for PBXNativeTarget "SAStorage_Harness" */ = {
			isa = XCConfigurationList;
			buildConfigurations = (
				B5980DFB1730B05B00D77EE8 /* Debug */,
				B5980DFC1730B05B00D77EE8 /* Release */,
			);
			defaultConfigurationIsVisible = 0;
			defaultConfigurationName = Release;
		};
		B5980DFD1730B05B00D77EE8 /* Build configuration list for PBXNativeTarget "SAStorage_Tests" */ = {
			isa = XCConfigurationList;
			buildConfigurations = (
				B5980DFE1730B05B00D77EE8 /* Debug */,
				B5980DFF1730B05B00D77EE8 /* Release */,
			);
			defaultConfigurationIsVisible = 0;
			defaultConfigurationName = Release;
		};
		B5980E4E1730B6A200D77EE8 /* Build configuration list for PBXNativeTarget "SAStorage_Library" */ = {
			isa = XCConfigurationList;
			buildConfigurations = (
				B5980E4F1730B6A200D77EE8 /* Debug */,
				B5980E501730B6A200D77EE8 /* Release */,
			);
			defaultConfigurationIsVisible = 0;
			defaultConfigurationName = Release;
		};
		B5980E601730BCD800D77EE8 /* Build configuration list for PBXAggregateTarget "Build Framework" */ = {
			isa = XCConfigurationList;
			buildConfigurations = (
				B5980E611730BCD800D77EE8 /* Debug */,
				B5980E621730BCD800D77EE8 /* Release */,
			);
			defaultConfigurationIsVisible = 0;
			defaultConfigurationName = Release;
		};
/* End XCConfigurationList section */
	};
	rootObject = B5980DC01730B05B00D77EE8 /* Project object */;
}
